
Microsoft Visual Studio Solution File, Format Version 12.00
# Visual Studio Version 16
VisualStudioVersion = 16.0.31205.134
MinimumVisualStudioVersion = 10.0.40219.1
Project("{FAE04EC0-301F-11D3-BF4B-00C04F79EFBC}") = "Msit14306Site", "Msit14306Site\Msit14306Site.csproj", "{18689A21-4712-4425-9A3E-392FA6F053C4}"
EndProject
Global
	GlobalSection(SolutionConfigurationPlatforms) = preSolution
		Debug|Any CPU = Debug|Any CPU
		Release|Any CPU = Release|Any CPU
	EndGlobalSection
	GlobalSection(ProjectConfigurationPlatforms) = postSolution
		{18689A21-4712-4425-9A3E-392FA6F053C4}.Debug|Any CPU.ActiveCfg = Debug|Any CPU
		{18689A21-4712-4425-9A3E-392FA6F053C4}.Debug|Any CPU.Build.0 = Debug|Any CPU
		{18689A21-4712-4425-9A3E-392FA6F053C4}.Release|Any CPU.ActiveCfg = Release|Any CPU
		{18689A21-4712-4425-9A3E-392FA6F053C4}.Release|Any CPU.Build.0 = Release|Any CPU
	EndGlobalSection
	GlobalSection(SolutionProperties) = preSolution
		HideSolutionNode = FALSE
	EndGlobalSection
	GlobalSection(ExtensibilityGlobals) = postSolution
		SolutionGuid = {5AF30328-5987-4383-98AB-A9675BA624AF}
	EndGlobalSection
EndGlobal
